
Microsoft Visual Studio Solution File, Format Version 12.00
# Visual Studio Version 17
VisualStudioVersion = 17.4.33205.214
MinimumVisualStudioVersion = 10.0.40219.1
Project("{8BC9CEB8-8B4A-11D0-8D11-00A0C91BC942}") = "LabNo5", "LabNo5\LabNo5.vcxproj", "{F891E1A6-4000-4069-BDDE-828659CB3659}"
EndProject
Global
	GlobalSection(SolutionConfigurationPlatforms) = preSolution
		Debug|x64 = Debug|x64
		Debug|x86 = Debug|x86
		Release|x64 = Release|x64
		Release|x86 = Release|x86
	EndGlobalSection
	GlobalSection(ProjectConfigurationPlatforms) = postSolution
		{F891E1A6-4000-4069-BDDE-828659CB3659}.Debug|x64.ActiveCfg = Debug|x64
		{F891E1A6-4000-4069-BDDE-828659CB3659}.Debug|x64.Build.0 = Debug|x64
		{F891E1A6-4000-4069-BDDE-828659CB3659}.Debug|x86.ActiveCfg = Debug|Win32
		{F891E1A6-4000-4069-BDDE-828659CB3659}.Debug|x86.Build.0 = Debug|Win32
		{F891E1A6-4000-4069-BDDE-828659CB3659}.Release|x64.ActiveCfg = Release|x64
		{F891E1A6-4000-4069-BDDE-828659CB3659}.Release|x64.Build.0 = Release|x64
		{F891E1A6-4000-4069-BDDE-828659CB3659}.Release|x86.ActiveCfg = Release|Win32
		{F891E1A6-4000-4069-BDDE-828659CB3659}.Release|x86.Build.0 = Release|Win32
	EndGlobalSection
	GlobalSection(SolutionProperties) = preSolution
		HideSolutionNode = FALSE
	EndGlobalSection
	GlobalSection(ExtensibilityGlobals) = postSolution
		SolutionGuid = {86F02DD3-41A6-4278-AD44-DB36E6AD0E12}
	EndGlobalSection
EndGlobal
